
Microsoft Visual Studio Solution File, Format Version 12.00
# Visual Studio Version 17
VisualStudioVersion = 17.14.36603.0
MinimumVisualStudioVersion = 10.0.40219.1
Project("{FAE04EC0-301F-11D3-BF4B-00C04F79EFBC}") = "Glided.Rose.Console", "Glided.Rose\Glided.Rose.Console.csproj", "{E1C8BA2C-4153-4AF5-ADB3-7E4D164A889D}"
EndProject
Project("{2150E333-8FDC-42A3-9474-1A3956D46DE8}") = "1.DistributedServices", "1.DistributedServices", "{02EA681E-C7D8-13C7-8484-4AC65E1B71E8}"
EndProject
Project("{2150E333-8FDC-42A3-9474-1A3956D46DE8}") = "2.Bussiness", "2.Bussiness", "{3B239DF0-A80A-4A8F-93FA-16DF16F461CE}"
EndProject
Project("{2150E333-8FDC-42A3-9474-1A3956D46DE8}") = "4.Domain", "4.Domain", "{E878EF4D-A8AD-48F6-ADD5-D81DB5207B02}"
EndProject
Project("{FAE04EC0-301F-11D3-BF4B-00C04F79EFBC}") = "Glided.Rose.Domain.Entities", "Glided.Rose.Domain.Entities\Glided.Rose.Domain.Entities.csproj", "{4B0E7CC0-4C04-496F-870C-92F15E45495C}"
EndProject
Project("{FAE04EC0-301F-11D3-BF4B-00C04F79EFBC}") = "Glided.Rose.Domain.Contracts", "Glided.Rose.Domain.Contracts\Glided.Rose.Domain.Contracts.csproj", "{5221789D-1FE5-4563-A315-AEC11D9B1430}"
EndProject
Project("{FAE04EC0-301F-11D3-BF4B-00C04F79EFBC}") = "Glided.Rose.Application.Services", "Glided.Rose.Application.Services\Glided.Rose.Application.Services.csproj", "{07E97887-02FF-4115-AAC8-254B5B7D2C55}"
EndProject
Project("{FAE04EC0-301F-11D3-BF4B-00C04F79EFBC}") = "Glided.Rose.Api", "Glided.Rose.Api\Glided.Rose.Api.csproj", "{EEAD940C-CE60-42E6-B68A-E594BACC3F83}"
EndProject
Project("{2150E333-8FDC-42A3-9474-1A3956D46DE8}") = "3. Infrastructure", "3. Infrastructure", "{61EC87DD-7695-42D7-9887-055039E687E7}"
EndProject
Project("{FAE04EC0-301F-11D3-BF4B-00C04F79EFBC}") = "Glided.Rose.Infrastructure.Repositories", "Glided.Rose.Infrastructure.Repositories\Glided.Rose.Infrastructure.Repositories.csproj", "{6751FBCA-2B44-473A-BC5D-4A7B11621C6F}"
EndProject
Project("{FAE04EC0-301F-11D3-BF4B-00C04F79EFBC}") = "Glided.Rose.Application.Dtos", "Glided.Rose.Application.Dtos\Glided.Rose.Application.Dtos.csproj", "{7E3120CD-D927-42F8-9D00-9CC387B65246}"
EndProject
Global
	GlobalSection(SolutionConfigurationPlatforms) = preSolution
		Debug|Any CPU = Debug|Any CPU
		Release|Any CPU = Release|Any CPU
	EndGlobalSection
	GlobalSection(ProjectConfigurationPlatforms) = postSolution
		{E1C8BA2C-4153-4AF5-ADB3-7E4D164A889D}.Debug|Any CPU.ActiveCfg = Debug|Any CPU
		{E1C8BA2C-4153-4AF5-ADB3-7E4D164A889D}.Debug|Any CPU.Build.0 = Debug|Any CPU
		{E1C8BA2C-4153-4AF5-ADB3-7E4D164A889D}.Release|Any CPU.ActiveCfg = Release|Any CPU
		{E1C8BA2C-4153-4AF5-ADB3-7E4D164A889D}.Release|Any CPU.Build.0 = Release|Any CPU
		{4B0E7CC0-4C04-496F-870C-92F15E45495C}.Debug|Any CPU.ActiveCfg = Debug|Any CPU
		{4B0E7CC0-4C04-496F-870C-92F15E45495C}.Debug|Any CPU.Build.0 = Debug|Any CPU
		{4B0E7CC0-4C04-496F-870C-92F15E45495C}.Release|Any CPU.ActiveCfg = Release|Any CPU
		{4B0E7CC0-4C04-496F-870C-92F15E45495C}.Release|Any CPU.Build.0 = Release|Any CPU
		{5221789D-1FE5-4563-A315-AEC11D9B1430}.Debug|Any CPU.ActiveCfg = Debug|Any CPU
		{5221789D-1FE5-4563-A315-AEC11D9B1430}.Debug|Any CPU.Build.0 = Debug|Any CPU
		{5221789D-1FE5-4563-A315-AEC11D9B1430}.Release|Any CPU.ActiveCfg = Release|Any CPU
		{5221789D-1FE5-4563-A315-AEC11D9B1430}.Release|Any CPU.Build.0 = Release|Any CPU
		{07E97887-02FF-4115-AAC8-254B5B7D2C55}.Debug|Any CPU.ActiveCfg = Debug|Any CPU
		{07E97887-02FF-4115-AAC8-254B5B7D2C55}.Debug|Any CPU.Build.0 = Debug|Any CPU
		{07E97887-02FF-4115-AAC8-254B5B7D2C55}.Release|Any CPU.ActiveCfg = Release|Any CPU
		{07E97887-02FF-4115-AAC8-254B5B7D2C55}.Release|Any CPU.Build.0 = Release|Any CPU
		{EEAD940C-CE60-42E6-B68A-E594BACC3F83}.Debug|Any CPU.ActiveCfg = Debug|Any CPU
		{EEAD940C-CE60-42E6-B68A-E594BACC3F83}.Debug|Any CPU.Build.0 = Debug|Any CPU
		{EEAD940C-CE60-42E6-B68A-E594BACC3F83}.Release|Any CPU.ActiveCfg = Release|Any CPU
		{EEAD940C-CE60-42E6-B68A-E594BACC3F83}.Release|Any CPU.Build.0 = Release|Any CPU
		{6751FBCA-2B44-473A-BC5D-4A7B11621C6F}.Debug|Any CPU.ActiveCfg = Debug|Any CPU
		{6751FBCA-2B44-473A-BC5D-4A7B11621C6F}.Debug|Any CPU.Build.0 = Debug|Any CPU
		{6751FBCA-2B44-473A-BC5D-4A7B11621C6F}.Release|Any CPU.ActiveCfg = Release|Any CPU
		{6751FBCA-2B44-473A-BC5D-4A7B11621C6F}.Release|Any CPU.Build.0 = Release|Any CPU
		{7E3120CD-D927-42F8-9D00-9CC387B65246}.Debug|Any CPU.ActiveCfg = Debug|Any CPU
		{7E3120CD-D927-42F8-9D00-9CC387B65246}.Debug|Any CPU.Build.0 = Debug|Any CPU
		{7E3120CD-D927-42F8-9D00-9CC387B65246}.Release|Any CPU.ActiveCfg = Release|Any CPU
		{7E3120CD-D927-42F8-9D00-9CC387B65246}.Release|Any CPU.Build.0 = Release|Any CPU
	EndGlobalSection
	GlobalSection(SolutionProperties) = preSolution
		HideSolutionNode = FALSE
	EndGlobalSection
	GlobalSection(NestedProjects) = preSolution
		{E1C8BA2C-4153-4AF5-ADB3-7E4D164A889D} = {02EA681E-C7D8-13C7-8484-4AC65E1B71E8}
		{4B0E7CC0-4C04-496F-870C-92F15E45495C} = {E878EF4D-A8AD-48F6-ADD5-D81DB5207B02}
		{5221789D-1FE5-4563-A315-AEC11D9B1430} = {E878EF4D-A8AD-48F6-ADD5-D81DB5207B02}
		{07E97887-02FF-4115-AAC8-254B5B7D2C55} = {3B239DF0-A80A-4A8F-93FA-16DF16F461CE}
		{EEAD940C-CE60-42E6-B68A-E594BACC3F83} = {02EA681E-C7D8-13C7-8484-4AC65E1B71E8}
		{6751FBCA-2B44-473A-BC5D-4A7B11621C6F} = {61EC87DD-7695-42D7-9887-055039E687E7}
		{7E3120CD-D927-42F8-9D00-9CC387B65246} = {3B239DF0-A80A-4A8F-93FA-16DF16F461CE}
	EndGlobalSection
	GlobalSection(ExtensibilityGlobals) = postSolution
		SolutionGuid = {C8855CF0-FD12-45B2-9844-C4F30DE6845A}
	EndGlobalSection
EndGlobal
